
Microsoft Visual Studio Solution File, Format Version 12.00
# Visual Studio 14
VisualStudioVersion = 14.0.25420.1
MinimumVisualStudioVersion = 10.0.40219.1
Project("{2150E333-8FDC-42A3-9474-1A3956D46DE8}") = "src", "src", "{FAE57575-921E-459D-938A-33DA917134BA}"
EndProject
Project("{2150E333-8FDC-42A3-9474-1A3956D46DE8}") = "Solution Items", "Solution Items", "{2E8BA908-DAB2-45DE-901A-EB50F9CE432C}"
	ProjectSection(SolutionItems) = preProject
		global.json = global.json
	EndProjectSection
EndProject
Project("{8BB2217D-0F2D-49D1-97BC-3654ED321F3B}") = "YoutubeAPITest", "src\YoutubeAPITest\YoutubeAPITest.xproj", "{3A7F8744-6FDF-46BF-99B8-DAB9744A57EB}"
EndProject
Global
	GlobalSection(SolutionConfigurationPlatforms) = preSolution
		Debug|Any CPU = Debug|Any CPU
		Release|Any CPU = Release|Any CPU
	EndGlobalSection
	GlobalSection(ProjectConfigurationPlatforms) = postSolution
		{3A7F8744-6FDF-46BF-99B8-DAB9744A57EB}.Debug|Any CPU.ActiveCfg = Debug|Any CPU
		{3A7F8744-6FDF-46BF-99B8-DAB9744A57EB}.Debug|Any CPU.Build.0 = Debug|Any CPU
		{3A7F8744-6FDF-46BF-99B8-DAB9744A57EB}.Release|Any CPU.ActiveCfg = Release|Any CPU
		{3A7F8744-6FDF-46BF-99B8-DAB9744A57EB}.Release|Any CPU.Build.0 = Release|Any CPU
	EndGlobalSection
	GlobalSection(SolutionProperties) = preSolution
		HideSolutionNode = FALSE
	EndGlobalSection
	GlobalSection(NestedProjects) = preSolution
		{3A7F8744-6FDF-46BF-99B8-DAB9744A57EB} = {FAE57575-921E-459D-938A-33DA917134BA}
	EndGlobalSection
EndGlobal
